
Microsoft Visual Studio Solution File, Format Version 12.00
# Visual Studio Version 17
VisualStudioVersion = 17.0.31912.275
MinimumVisualStudioVersion = 10.0.40219.1
Project("{FAE04EC0-301F-11D3-BF4B-00C04F79EFBC}") = "FileSystemInconsistencyReproduction", "FileSystemInconsistencyReproduction\FileSystemInconsistencyReproduction.csproj", "{DD306CC6-D191-44B8-9B78-574FD3EBE0ED}"
EndProject
Global
	GlobalSection(SolutionConfigurationPlatforms) = preSolution
		Debug|Any CPU = Debug|Any CPU
		Release|Any CPU = Release|Any CPU
	EndGlobalSection
	GlobalSection(ProjectConfigurationPlatforms) = postSolution
		{DD306CC6-D191-44B8-9B78-574FD3EBE0ED}.Debug|Any CPU.ActiveCfg = Debug|Any CPU
		{DD306CC6-D191-44B8-9B78-574FD3EBE0ED}.Debug|Any CPU.Build.0 = Debug|Any CPU
		{DD306CC6-D191-44B8-9B78-574FD3EBE0ED}.Release|Any CPU.ActiveCfg = Release|Any CPU
		{DD306CC6-D191-44B8-9B78-574FD3EBE0ED}.Release|Any CPU.Build.0 = Release|Any CPU
	EndGlobalSection
	GlobalSection(SolutionProperties) = preSolution
		HideSolutionNode = FALSE
	EndGlobalSection
	GlobalSection(ExtensibilityGlobals) = postSolution
		SolutionGuid = {80CD246F-F8FF-447D-9C7B-025F8316DFD1}
	EndGlobalSection
EndGlobal
